
Microsoft Visual Studio Solution File, Format Version 12.00
# Visual Studio Version 16
VisualStudioVersion = 16.0.29319.158
MinimumVisualStudioVersion = 10.0.40219.1
Project("{2150E333-8FDC-42A3-9474-1A3956D46DE8}") = "Common", "Common", "{D675A780-6E44-4A1F-B9F3-217B4A5020DF}"
EndProject
Project("{2150E333-8FDC-42A3-9474-1A3956D46DE8}") = "Services", "Services", "{84225E78-44C3-48F9-9BE7-2EDCDA65AD4D}"
EndProject
Project("{2150E333-8FDC-42A3-9474-1A3956D46DE8}") = "UI", "UI", "{24851671-F489-4DA9-AF14-091DE1EA4F81}"
EndProject
Project("{9A19103F-16F7-4668-BE54-9A1E7A4F7556}") = "EasyShop.Domain", "Common\EasyShop.Domain\EasyShop.Domain.csproj", "{17EE4F5A-8503-4CF4-9E20-8ACCC6AE8161}"
EndProject
Project("{9A19103F-16F7-4668-BE54-9A1E7A4F7556}") = "EasyShop.DAL", "Services\EasyShop.DAL\EasyShop.DAL.csproj", "{BD886CD7-C819-4701-AA9C-3280FD89C72B}"
EndProject
Project("{9A19103F-16F7-4668-BE54-9A1E7A4F7556}") = "EasyShop.Interfaces", "Services\EasyShop.Interfaces\EasyShop.Interfaces.csproj", "{5DE270AC-6E60-4550-B5F8-0E8EDB252450}"
EndProject
Project("{9A19103F-16F7-4668-BE54-9A1E7A4F7556}") = "EasyShop.Services", "Services\EasyShop.Services\EasyShop.Services.csproj", "{194DF313-0197-45BF-B17D-8CFB1136AB68}"
EndProject
Project("{9A19103F-16F7-4668-BE54-9A1E7A4F7556}") = "EasyShop.CP.UI", "UI\EasyShop.CP.UI\EasyShop.CP.UI.csproj", "{92796BD3-4386-4517-A23D-88DDC58FF125}"
EndProject
Project("{9A19103F-16F7-4668-BE54-9A1E7A4F7556}") = "EasyShop.Logger", "Common\EasyShop.Logger\EasyShop.Logger.csproj", "{22812D9A-05E3-4004-8508-25BF7D019E96}"
EndProject
Global
	GlobalSection(SolutionConfigurationPlatforms) = preSolution
		Debug|Any CPU = Debug|Any CPU
		Release|Any CPU = Release|Any CPU
	EndGlobalSection
	GlobalSection(ProjectConfigurationPlatforms) = postSolution
		{17EE4F5A-8503-4CF4-9E20-8ACCC6AE8161}.Debug|Any CPU.ActiveCfg = Debug|Any CPU
		{17EE4F5A-8503-4CF4-9E20-8ACCC6AE8161}.Debug|Any CPU.Build.0 = Debug|Any CPU
		{17EE4F5A-8503-4CF4-9E20-8ACCC6AE8161}.Release|Any CPU.ActiveCfg = Release|Any CPU
		{17EE4F5A-8503-4CF4-9E20-8ACCC6AE8161}.Release|Any CPU.Build.0 = Release|Any CPU
		{BD886CD7-C819-4701-AA9C-3280FD89C72B}.Debug|Any CPU.ActiveCfg = Debug|Any CPU
		{BD886CD7-C819-4701-AA9C-3280FD89C72B}.Debug|Any CPU.Build.0 = Debug|Any CPU
		{BD886CD7-C819-4701-AA9C-3280FD89C72B}.Release|Any CPU.ActiveCfg = Release|Any CPU
		{BD886CD7-C819-4701-AA9C-3280FD89C72B}.Release|Any CPU.Build.0 = Release|Any CPU
		{5DE270AC-6E60-4550-B5F8-0E8EDB252450}.Debug|Any CPU.ActiveCfg = Debug|Any CPU
		{5DE270AC-6E60-4550-B5F8-0E8EDB252450}.Debug|Any CPU.Build.0 = Debug|Any CPU
		{5DE270AC-6E60-4550-B5F8-0E8EDB252450}.Release|Any CPU.ActiveCfg = Release|Any CPU
		{5DE270AC-6E60-4550-B5F8-0E8EDB252450}.Release|Any CPU.Build.0 = Release|Any CPU
		{194DF313-0197-45BF-B17D-8CFB1136AB68}.Debug|Any CPU.ActiveCfg = Debug|Any CPU
		{194DF313-0197-45BF-B17D-8CFB1136AB68}.Debug|Any CPU.Build.0 = Debug|Any CPU
		{194DF313-0197-45BF-B17D-8CFB1136AB68}.Release|Any CPU.ActiveCfg = Release|Any CPU
		{194DF313-0197-45BF-B17D-8CFB1136AB68}.Release|Any CPU.Build.0 = Release|Any CPU
		{92796BD3-4386-4517-A23D-88DDC58FF125}.Debug|Any CPU.ActiveCfg = Debug|Any CPU
		{92796BD3-4386-4517-A23D-88DDC58FF125}.Debug|Any CPU.Build.0 = Debug|Any CPU
		{92796BD3-4386-4517-A23D-88DDC58FF125}.Release|Any CPU.ActiveCfg = Release|Any CPU
		{92796BD3-4386-4517-A23D-88DDC58FF125}.Release|Any CPU.Build.0 = Release|Any CPU
		{22812D9A-05E3-4004-8508-25BF7D019E96}.Debug|Any CPU.ActiveCfg = Debug|Any CPU
		{22812D9A-05E3-4004-8508-25BF7D019E96}.Debug|Any CPU.Build.0 = Debug|Any CPU
		{22812D9A-05E3-4004-8508-25BF7D019E96}.Release|Any CPU.ActiveCfg = Release|Any CPU
		{22812D9A-05E3-4004-8508-25BF7D019E96}.Release|Any CPU.Build.0 = Release|Any CPU
	EndGlobalSection
	GlobalSection(SolutionProperties) = preSolution
		HideSolutionNode = FALSE
	EndGlobalSection
	GlobalSection(NestedProjects) = preSolution
		{17EE4F5A-8503-4CF4-9E20-8ACCC6AE8161} = {D675A780-6E44-4A1F-B9F3-217B4A5020DF}
		{BD886CD7-C819-4701-AA9C-3280FD89C72B} = {84225E78-44C3-48F9-9BE7-2EDCDA65AD4D}
		{5DE270AC-6E60-4550-B5F8-0E8EDB252450} = {84225E78-44C3-48F9-9BE7-2EDCDA65AD4D}
		{194DF313-0197-45BF-B17D-8CFB1136AB68} = {84225E78-44C3-48F9-9BE7-2EDCDA65AD4D}
		{92796BD3-4386-4517-A23D-88DDC58FF125} = {24851671-F489-4DA9-AF14-091DE1EA4F81}
		{22812D9A-05E3-4004-8508-25BF7D019E96} = {D675A780-6E44-4A1F-B9F3-217B4A5020DF}
	EndGlobalSection
	GlobalSection(ExtensibilityGlobals) = postSolution
		SolutionGuid = {FEFC69EE-B350-4630-9FD6-245EEC8FCF00}
	EndGlobalSection
EndGlobal
